// !$*UTF8*$!
{
	archiveVersion = 1;
	classes = {
	};
	objectVersion = 50;
	objects = {

/* Begin PBXBuildFile section */
		38CD0F25C2F4D90BDE927F89 /* Pods_RealmScreen.framework in Frameworks */ = {isa = PBXBuildFile; fileRef = F9C99AABCA8AB44FBF461745 /* Pods_RealmScreen.framework */; };
		85093D88236619B200DB66D7 /* UserService.swift in Sources */ = {isa = PBXBuildFile; fileRef = 85093D87236619B200DB66D7 /* UserService.swift */; };
		85093D8B236619DD00DB66D7 /* User.swift in Sources */ = {isa = PBXBuildFile; fileRef = 85093D8A236619DD00DB66D7 /* User.swift */; };
		85093D8D2367715000DB66D7 /* UserName.swift in Sources */ = {isa = PBXBuildFile; fileRef = 85093D8C2367715000DB66D7 /* UserName.swift */; };
		85093D8F2367715C00DB66D7 /* User+Response.swift in Sources */ = {isa = PBXBuildFile; fileRef = 85093D8E2367715C00DB66D7 /* User+Response.swift */; };
		85093D91236771BF00DB66D7 /* UserID.swift in Sources */ = {isa = PBXBuildFile; fileRef = 85093D90236771BF00DB66D7 /* UserID.swift */; };
		85093D9323677A5900DB66D7 /* RealmService.swift in Sources */ = {isa = PBXBuildFile; fileRef = 85093D9223677A5900DB66D7 /* RealmService.swift */; };
		85093D9523677B2B00DB66D7 /* RMUser.swift in Sources */ = {isa = PBXBuildFile; fileRef = 85093D9423677B2B00DB66D7 /* RMUser.swift */; };
		85A9EDB12366184D00198E46 /* AppDelegate.swift in Sources */ = {isa = PBXBuildFile; fileRef = 85A9EDB02366184D00198E46 /* AppDelegate.swift */; };
		85A9EDB32366184D00198E46 /* ViewController.swift in Sources */ = {isa = PBXBuildFile; fileRef = 85A9EDB22366184D00198E46 /* ViewController.swift */; };
		85A9EDB62366184D00198E46 /* Main.storyboard in Resources */ = {isa = PBXBuildFile; fileRef = 85A9EDB42366184D00198E46 /* Main.storyboard */; };
		85A9EDB82366184E00198E46 /* Assets.xcassets in Resources */ = {isa = PBXBuildFile; fileRef = 85A9EDB72366184E00198E46 /* Assets.xcassets */; };
		85A9EDBB2366184E00198E46 /* LaunchScreen.storyboard in Resources */ = {isa = PBXBuildFile; fileRef = 85A9EDB92366184E00198E46 /* LaunchScreen.storyboard */; };
		85AB08CB237881A900ADD89B /* ViewModel.swift in Sources */ = {isa = PBXBuildFile; fileRef = 85AB08CA237881A900ADD89B /* ViewModel.swift */; };
		85AB08CD23788E2100ADD89B /* Avatar.swift in Sources */ = {isa = PBXBuildFile; fileRef = 85AB08CC23788E2100ADD89B /* Avatar.swift */; };
/* End PBXBuildFile section */

/* Begin PBXFileReference section */
		6D6960DB4F634F48FCC074E5 /* Pods-RealmScreen.release.xcconfig */ = {isa = PBXFileReference; includeInIndex = 1; lastKnownFileType = text.xcconfig; name = "Pods-RealmScreen.release.xcconfig"; path = "Pods/Target Support Files/Pods-RealmScreen/Pods-RealmScreen.release.xcconfig"; sourceTree = "<group>"; };
		7FCF5840D277D250FA70FB3E /* Pods-RealmScreen.debug.xcconfig */ = {isa = PBXFileReference; includeInIndex = 1; lastKnownFileType = text.xcconfig; name = "Pods-RealmScreen.debug.xcconfig"; path = "Pods/Target Support Files/Pods-RealmScreen/Pods-RealmScreen.debug.xcconfig"; sourceTree = "<group>"; };
		85093D87236619B200DB66D7 /* UserService.swift */ = {isa = PBXFileReference; lastKnownFileType = sourcecode.swift; path = UserService.swift; sourceTree = "<group>"; };
		85093D8A236619DD00DB66D7 /* User.swift */ = {isa = PBXFileReference; lastKnownFileType = sourcecode.swift; path = User.swift; sourceTree = "<group>"; };
		85093D8C2367715000DB66D7 /* UserName.swift */ = {isa = PBXFileReference; lastKnownFileType = sourcecode.swift; path = UserName.swift; sourceTree = "<group>"; };
		85093D8E2367715C00DB66D7 /* User+Response.swift */ = {isa = PBXFileReference; lastKnownFileType = sourcecode.swift; path = "User+Response.swift"; sourceTree = "<group>"; };
		85093D90236771BF00DB66D7 /* UserID.swift */ = {isa = PBXFileReference; lastKnownFileType = sourcecode.swift; path = UserID.swift; sourceTree = "<group>"; };
		85093D9223677A5900DB66D7 /* RealmService.swift */ = {isa = PBXFileReference; lastKnownFileType = sourcecode.swift; path = RealmService.swift; sourceTree = "<group>"; };
		85093D9423677B2B00DB66D7 /* RMUser.swift */ = {isa = PBXFileReference; lastKnownFileType = sourcecode.swift; path = RMUser.swift; sourceTree = "<group>"; };
		85A9EDAD2366184D00198E46 /* RealmScreen.app */ = {isa = PBXFileReference; explicitFileType = wrapper.application; includeInIndex = 0; path = RealmScreen.app; sourceTree = BUILT_PRODUCTS_DIR; };
		85A9EDB02366184D00198E46 /* AppDelegate.swift */ = {isa = PBXFileReference; lastKnownFileType = sourcecode.swift; path = AppDelegate.swift; sourceTree = "<group>"; };
		85A9EDB22366184D00198E46 /* ViewController.swift */ = {isa = PBXFileReference; lastKnownFileType = sourcecode.swift; path = ViewController.swift; sourceTree = "<group>"; };
		85A9EDB52366184D00198E46 /* Base */ = {isa = PBXFileReference; lastKnownFileType = file.storyboard; name = Base; path = Base.lproj/Main.storyboard; sourceTree = "<group>"; };
		85A9EDB72366184E00198E46 /* Assets.xcassets */ = {isa = PBXFileReference; lastKnownFileType = folder.assetcatalog; path = Assets.xcassets; sourceTree = "<group>"; };
		85A9EDBA2366184E00198E46 /* Base */ = {isa = PBXFileReference; lastKnownFileType = file.storyboard; name = Base; path = Base.lproj/LaunchScreen.storyboard; sourceTree = "<group>"; };
		85A9EDBC2366184E00198E46 /* Info.plist */ = {isa = PBXFileReference; lastKnownFileType = text.plist.xml; path = Info.plist; sourceTree = "<group>"; };
		85AB08CA237881A900ADD89B /* ViewModel.swift */ = {isa = PBXFileReference; lastKnownFileType = sourcecode.swift; path = ViewModel.swift; sourceTree = "<group>"; };
		85AB08CC23788E2100ADD89B /* Avatar.swift */ = {isa = PBXFileReference; lastKnownFileType = sourcecode.swift; path = Avatar.swift; sourceTree = "<group>"; };
		F9C99AABCA8AB44FBF461745 /* Pods_RealmScreen.framework */ = {isa = PBXFileReference; explicitFileType = wrapper.framework; includeInIndex = 0; path = Pods_RealmScreen.framework; sourceTree = BUILT_PRODUCTS_DIR; };
/* End PBXFileReference section */

/* Begin PBXFrameworksBuildPhase section */
		85A9EDAA2366184D00198E46 /* Frameworks */ = {
			isa = PBXFrameworksBuildPhase;
			buildActionMask = 2147483647;
			files = (
				38CD0F25C2F4D90BDE927F89 /* Pods_RealmScreen.framework in Frameworks */,
			);
			runOnlyForDeploymentPostprocessing = 0;
		};
/* End PBXFrameworksBuildPhase section */

/* Begin PBXGroup section */
		7D934B78B34DD1884B863A2C /* Pods */ = {
			isa = PBXGroup;
			children = (
				7FCF5840D277D250FA70FB3E /* Pods-RealmScreen.debug.xcconfig */,
				6D6960DB4F634F48FCC074E5 /* Pods-RealmScreen.release.xcconfig */,
			);
			name = Pods;
			sourceTree = "<group>";
		};
		85093D852366192B00DB66D7 /* Services */ = {
			isa = PBXGroup;
			children = (
				85093D87236619B200DB66D7 /* UserService.swift */,
				85093D9223677A5900DB66D7 /* RealmService.swift */,
			);
			path = Services;
			sourceTree = "<group>";
		};
		85093D862366193700DB66D7 /* Modules */ = {
			isa = PBXGroup;
			children = (
				85A9EDB42366184D00198E46 /* Main.storyboard */,
				85A9EDB22366184D00198E46 /* ViewController.swift */,
				85AB08CA237881A900ADD89B /* ViewModel.swift */,
			);
			path = Modules;
			sourceTree = "<group>";
		};
		85093D89236619CB00DB66D7 /* Models */ = {
			isa = PBXGroup;
			children = (
				85093D8A236619DD00DB66D7 /* User.swift */,
				85093D8C2367715000DB66D7 /* UserName.swift */,
				85093D8E2367715C00DB66D7 /* User+Response.swift */,
				85093D90236771BF00DB66D7 /* UserID.swift */,
				85093D9423677B2B00DB66D7 /* RMUser.swift */,
				85AB08CC23788E2100ADD89B /* Avatar.swift */,
			);
			path = Models;
			sourceTree = "<group>";
		};
		85A9EDA42366184D00198E46 = {
			isa = PBXGroup;
			children = (
				85A9EDAF2366184D00198E46 /* RealmScreen */,
				85A9EDAE2366184D00198E46 /* Products */,
				7D934B78B34DD1884B863A2C /* Pods */,
				B29401D197CBDAB5A982657E /* Frameworks */,
			);
			sourceTree = "<group>";
		};
		85A9EDAE2366184D00198E46 /* Products */ = {
			isa = PBXGroup;
			children = (
				85A9EDAD2366184D00198E46 /* RealmScreen.app */,
			);
			name = Products;
			sourceTree = "<group>";
		};
		85A9EDAF2366184D00198E46 /* RealmScreen */ = {
			isa = PBXGroup;
			children = (
				85093D89236619CB00DB66D7 /* Models */,
				85093D862366193700DB66D7 /* Modules */,
				85093D852366192B00DB66D7 /* Services */,
				85A9EDB02366184D00198E46 /* AppDelegate.swift */,
				85A9EDB72366184E00198E46 /* Assets.xcassets */,
				85A9EDB92366184E00198E46 /* LaunchScreen.storyboard */,
				85A9EDBC2366184E00198E46 /* Info.plist */,
			);
			path = RealmScreen;
			sourceTree = "<group>";
		};
		B29401D197CBDAB5A982657E /* Frameworks */ = {
			isa = PBXGroup;
			children = (
				F9C99AABCA8AB44FBF461745 /* Pods_RealmScreen.framework */,
			);
			name = Frameworks;
			sourceTree = "<group>";
		};
/* End PBXGroup section */

/* Begin PBXNativeTarget section */
		85A9EDAC2366184D00198E46 /* RealmScreen */ = {
			isa = PBXNativeTarget;
			buildConfigurationList = 85A9EDBF2366184E00198E46 /* Build configuration list for PBXNativeTarget "RealmScreen" */;
			buildPhases = (
				EABE758D8A455392580CFD1E /* [CP] Check Pods Manifest.lock */,
				85A9EDA92366184D00198E46 /* Sources */,
				85A9EDAA2366184D00198E46 /* Frameworks */,
				85A9EDAB2366184D00198E46 /* Resources */,
				1A902FC1D392F09C86079925 /* [CP] Embed Pods Frameworks */,
			);
			buildRules = (
			);
			dependencies = (
			);
			name = RealmScreen;
			productName = RealmScreen;
			productReference = 85A9EDAD2366184D00198E46 /* RealmScreen.app */;
			productType = "com.apple.product-type.application";
		};
/* End PBXNativeTarget section */

/* Begin PBXProject section */
		85A9EDA52366184D00198E46 /* Project object */ = {
			isa = PBXProject;
			attributes = {
				LastSwiftUpdateCheck = 1020;
				LastUpgradeCheck = 1020;
				ORGANIZATIONNAME = Fedya;
				TargetAttributes = {
					85A9EDAC2366184D00198E46 = {
						CreatedOnToolsVersion = 10.2.1;
					};
				};
			};
			buildConfigurationList = 85A9EDA82366184D00198E46 /* Build configuration list for PBXProject "RealmScreen" */;
			compatibilityVersion = "Xcode 9.3";
			developmentRegion = en;
			hasScannedForEncodings = 0;
			knownRegions = (
				en,
				Base,
			);
			mainGroup = 85A9EDA42366184D00198E46;
			productRefGroup = 85A9EDAE2366184D00198E46 /* Products */;
			projectDirPath = "";
			projectRoot = "";
			targets = (
				85A9EDAC2366184D00198E46 /* RealmScreen */,
			);
		};
/* End PBXProject section */

/* Begin PBXResourcesBuildPhase section */
		85A9EDAB2366184D00198E46 /* Resources */ = {
			isa = PBXResourcesBuildPhase;
			buildActionMask = 2147483647;
			files = (
				85A9EDBB2366184E00198E46 /* LaunchScreen.storyboard in Resources */,
				85A9EDB82366184E00198E46 /* Assets.xcassets in Resources */,
				85A9EDB62366184D00198E46 /* Main.storyboard in Resources */,
			);
			runOnlyForDeploymentPostprocessing = 0;
		};
/* End PBXResourcesBuildPhase section */

/* Begin PBXShellScriptBuildPhase section */
		1A902FC1D392F09C86079925 /* [CP] Embed Pods Frameworks */ = {
			isa = PBXShellScriptBuildPhase;
			buildActionMask = 2147483647;
			files = (
			);
			inputFileListPaths = (
			);
			inputPaths = (
				"${SRCROOT}/Pods/Target Support Files/Pods-RealmScreen/Pods-RealmScreen-frameworks.sh",
				"${BUILT_PRODUCTS_DIR}/Kingfisher/Kingfisher.framework",
				"${BUILT_PRODUCTS_DIR}/Realm/Realm.framework",
				"${BUILT_PRODUCTS_DIR}/RealmSwift/RealmSwift.framework",
			);
			name = "[CP] Embed Pods Frameworks";
			outputFileListPaths = (
			);
			outputPaths = (
				"${TARGET_BUILD_DIR}/${FRAMEWORKS_FOLDER_PATH}/Kingfisher.framework",
				"${TARGET_BUILD_DIR}/${FRAMEWORKS_FOLDER_PATH}/Realm.framework",
				"${TARGET_BUILD_DIR}/${FRAMEWORKS_FOLDER_PATH}/RealmSwift.framework",
			);
			runOnlyForDeploymentPostprocessing = 0;
			shellPath = /bin/sh;
			shellScript = "\"${SRCROOT}/Pods/Target Support Files/Pods-RealmScreen/Pods-RealmScreen-frameworks.sh\"\n";
			showEnvVarsInLog = 0;
		};
		EABE758D8A455392580CFD1E /* [CP] Check Pods Manifest.lock */ = {
			isa = PBXShellScriptBuildPhase;
			buildActionMask = 2147483647;
			files = (
			);
			inputFileListPaths = (
			);
			inputPaths = (
				"${PODS_PODFILE_DIR_PATH}/Podfile.lock",
				"${PODS_ROOT}/Manifest.lock",
			);
			name = "[CP] Check Pods Manifest.lock";
			outputFileListPaths = (
			);
			outputPaths = (
				"$(DERIVED_FILE_DIR)/Pods-RealmScreen-checkManifestLockResult.txt",
			);
			runOnlyForDeploymentPostprocessing = 0;
			shellPath = /bin/sh;
			shellScript = "diff \"${PODS_PODFILE_DIR_PATH}/Podfile.lock\" \"${PODS_ROOT}/Manifest.lock\" > /dev/null\nif [ $? != 0 ] ; then\n    # print error to STDERR\n    echo \"error: The sandbox is not in sync with the Podfile.lock. Run 'pod install' or update your CocoaPods installation.\" >&2\n    exit 1\nfi\n# This output is used by Xcode 'outputs' to avoid re-running this script phase.\necho \"SUCCESS\" > \"${SCRIPT_OUTPUT_FILE_0}\"\n";
			showEnvVarsInLog = 0;
		};
/* End PBXShellScriptBuildPhase section */

/* Begin PBXSourcesBuildPhase section */
		85A9EDA92366184D00198E46 /* Sources */ = {
			isa = PBXSourcesBuildPhase;
			buildActionMask = 2147483647;
			files = (
				85AB08CB237881A900ADD89B /* ViewModel.swift in Sources */,
				85093D9523677B2B00DB66D7 /* RMUser.swift in Sources */,
				85093D8B236619DD00DB66D7 /* User.swift in Sources */,
				85093D91236771BF00DB66D7 /* UserID.swift in Sources */,
				85093D8F2367715C00DB66D7 /* User+Response.swift in Sources */,
				85A9EDB32366184D00198E46 /* ViewController.swift in Sources */,
				85A9EDB12366184D00198E46 /* AppDelegate.swift in Sources */,
				85093D8D2367715000DB66D7 /* UserName.swift in Sources */,
				85AB08CD23788E2100ADD89B /* Avatar.swift in Sources */,
				85093D88236619B200DB66D7 /* UserService.swift in Sources */,
				85093D9323677A5900DB66D7 /* RealmService.swift in Sources */,
			);
			runOnlyForDeploymentPostprocessing = 0;
		};
/* End PBXSourcesBuildPhase section */

/* Begin PBXVariantGroup section */
		85A9EDB42366184D00198E46 /* Main.storyboard */ = {
			isa = PBXVariantGroup;
			children = (
				85A9EDB52366184D00198E46 /* Base */,
			);
			name = Main.storyboard;
			sourceTree = "<group>";
		};
		85A9EDB92366184E00198E46 /* LaunchScreen.storyboard */ = {
			isa = PBXVariantGroup;
			children = (
				85A9EDBA2366184E00198E46 /* Base */,
			);
			name = LaunchScreen.storyboard;
			sourceTree = "<group>";
		};
/* End PBXVariantGroup section */

/* Begin XCBuildConfiguration section */
		85A9EDBD2366184E00198E46 /* Debug */ = {
			isa = XCBuildConfiguration;
			buildSettings = {
				ALWAYS_SEARCH_USER_PATHS = NO;
				CLANG_ANALYZER_NONNULL = YES;
				CLANG_ANALYZER_NUMBER_OBJECT_CONVERSION = YES_AGGRESSIVE;
				CLANG_CXX_LANGUAGE_STANDARD = "gnu++14";
				CLANG_CXX_LIBRARY = "libc++";
				CLANG_ENABLE_MODULES = YES;
				CLANG_ENABLE_OBJC_ARC = YES;
				CLANG_ENABLE_OBJC_WEAK = YES;
				CLANG_WARN_BLOCK_CAPTURE_AUTORELEASING = YES;
				CLANG_WARN_BOOL_CONVERSION = YES;
				CLANG_WARN_COMMA = YES;
				CLANG_WARN_CONSTANT_CONVERSION = YES;
				CLANG_WARN_DEPRECATED_OBJC_IMPLEMENTATIONS = YES;
				CLANG_WARN_DIRECT_OBJC_ISA_USAGE = YES_ERROR;
				CLANG_WARN_DOCUMENTATION_COMMENTS = YES;
				CLANG_WARN_EMPTY_BODY = YES;
				CLANG_WARN_ENUM_CONVERSION = YES;
				CLANG_WARN_INFINITE_RECURSION = YES;
				CLANG_WARN_INT_CONVERSION = YES;
				CLANG_WARN_NON_LITERAL_NULL_CONVERSION = YES;
				CLANG_WARN_OBJC_IMPLICIT_RETAIN_SELF = YES;
				CLANG_WARN_OBJC_LITERAL_CONVERSION = YES;
				CLANG_WARN_OBJC_ROOT_CLASS = YES_ERROR;
				CLANG_WARN_RANGE_LOOP_ANALYSIS = YES;
				CLANG_WARN_STRICT_PROTOTYPES = YES;
				CLANG_WARN_SUSPICIOUS_MOVE = YES;
				CLANG_WARN_UNGUARDED_AVAILABILITY = YES_AGGRESSIVE;
				CLANG_WARN_UNREACHABLE_CODE = YES;
				CLANG_WARN__DUPLICATE_METHOD_MATCH = YES;
				CODE_SIGN_IDENTITY = "iPhone Developer";
				COPY_PHASE_STRIP = NO;
				DEBUG_INFORMATION_FORMAT = dwarf;
				ENABLE_STRICT_OBJC_MSGSEND = YES;
				ENABLE_TESTABILITY = YES;
				GCC_C_LANGUAGE_STANDARD = gnu11;
				GCC_DYNAMIC_NO_PIC = NO;
				GCC_NO_COMMON_BLOCKS = YES;
				GCC_OPTIMIZATION_LEVEL = 0;
				GCC_PREPROCESSOR_DEFINITIONS = (
					"DEBUG=1",
					"$(inherited)",
				);
				GCC_WARN_64_TO_32_BIT_CONVERSION = YES;
				GCC_WARN_ABOUT_RETURN_TYPE = YES_ERROR;
				GCC_WARN_UNDECLARED_SELECTOR = YES;
				GCC_WARN_UNINITIALIZED_AUTOS = YES_AGGRESSIVE;
				GCC_WARN_UNUSED_FUNCTION = YES;
				GCC_WARN_UNUSED_VARIABLE = YES;
				IPHONEOS_DEPLOYMENT_TARGET = 12.2;
				MTL_ENABLE_DEBUG_INFO = INCLUDE_SOURCE;
				MTL_FAST_MATH = YES;
				ONLY_ACTIVE_ARCH = YES;
				SDKROOT = iphoneos;
				SWIFT_ACTIVE_COMPILATION_CONDITIONS = DEBUG;
				SWIFT_OPTIMIZATION_LEVEL = "-Onone";
			};
			name = Debug;
		};
		85A9EDBE2366184E00198E46 /* Release */ = {
			isa = XCBuildConfiguration;
			buildSettings = {
				ALWAYS_SEARCH_USER_PATHS = NO;
				CLANG_ANALYZER_NONNULL = YES;
				CLANG_ANALYZER_NUMBER_OBJECT_CONVERSION = YES_AGGRESSIVE;
				CLANG_CXX_LANGUAGE_STANDARD = "gnu++14";
				CLANG_CXX_LIBRARY = "libc++";
				CLANG_ENABLE_MODULES = YES;
				CLANG_ENABLE_OBJC_ARC = YES;
				CLANG_ENABLE_OBJC_WEAK = YES;
				CLANG_WARN_BLOCK_CAPTURE_AUTORELEASING = YES;
				CLANG_WARN_BOOL_CONVERSION = YES;
				CLANG_WARN_COMMA = YES;
				CLANG_WARN_CONSTANT_CONVERSION = YES;
				CLANG_WARN_DEPRECATED_OBJC_IMPLEMENTATIONS = YES;
				CLANG_WARN_DIRECT_OBJC_ISA_USAGE = YES_ERROR;
				CLANG_WARN_DOCUMENTATION_COMMENTS = YES;
				CLANG_WARN_EMPTY_BODY = YES;
				CLANG_WARN_ENUM_CONVERSION = YES;
				CLANG_WARN_INFINITE_RECURSION = YES;
				CLANG_WARN_INT_CONVERSION = YES;
				CLANG_WARN_NON_LITERAL_NULL_CONVERSION = YES;
				CLANG_WARN_OBJC_IMPLICIT_RETAIN_SELF = YES;
				CLANG_WARN_OBJC_LITERAL_CONVERSION = YES;
				CLANG_WARN_OBJC_ROOT_CLASS = YES_ERROR;
				CLANG_WARN_RANGE_LOOP_ANALYSIS = YES;
				CLANG_WARN_STRICT_PROTOTYPES = YES;
				CLANG_WARN_SUSPICIOUS_MOVE = YES;
				CLANG_WARN_UNGUARDED_AVAILABILITY = YES_AGGRESSIVE;
				CLANG_WARN_UNREACHABLE_CODE = YES;
				CLANG_WARN__DUPLICATE_METHOD_MATCH = YES;
				CODE_SIGN_IDENTITY = "iPhone Developer";
				COPY_PHASE_STRIP = NO;
				DEBUG_INFORMATION_FORMAT = "dwarf-with-dsym";
				ENABLE_NS_ASSERTIONS = NO;
				ENABLE_STRICT_OBJC_MSGSEND = YES;
				GCC_C_LANGUAGE_STANDARD = gnu11;
				GCC_NO_COMMON_BLOCKS = YES;
				GCC_WARN_64_TO_32_BIT_CONVERSION = YES;
				GCC_WARN_ABOUT_RETURN_TYPE = YES_ERROR;
				GCC_WARN_UNDECLARED_SELECTOR = YES;
				GCC_WARN_UNINITIALIZED_AUTOS = YES_AGGRESSIVE;
				GCC_WARN_UNUSED_FUNCTION = YES;
				GCC_WARN_UNUSED_VARIABLE = YES;
				IPHONEOS_DEPLOYMENT_TARGET = 12.2;
				MTL_ENABLE_DEBUG_INFO = NO;
				MTL_FAST_MATH = YES;
				SDKROOT = iphoneos;
				SWIFT_COMPILATION_MODE = wholemodule;
				SWIFT_OPTIMIZATION_LEVEL = "-O";
				VALIDATE_PRODUCT = YES;
			};
			name = Release;
		};
		85A9EDC02366184E00198E46 /* Debug */ = {
			isa = XCBuildConfiguration;
			baseConfigurationReference = 7FCF5840D277D250FA70FB3E /* Pods-RealmScreen.debug.xcconfig */;
			buildSettings = {
				ASSETCATALOG_COMPILER_APPICON_NAME = AppIcon;
				CODE_SIGN_STYLE = Automatic;
				DEVELOPMENT_TEAM = 9W4WJ5QY7E;
				INFOPLIST_FILE = RealmScreen/Info.plist;
				LD_RUNPATH_SEARCH_PATHS = (
					"$(inherited)",
					"@executable_path/Frameworks",
				);
				PRODUCT_BUNDLE_IDENTIFIER = test.RealmScreen;
				PRODUCT_NAME = "$(TARGET_NAME)";
				SWIFT_VERSION = 5.0;
				TARGETED_DEVICE_FAMILY = "1,2";
			};
			name = Debug;
		};
		85A9EDC12366184E00198E46 /* Release */ = {
			isa = XCBuildConfiguration;
			baseConfigurationReference = 6D6960DB4F634F48FCC074E5 /* Pods-RealmScreen.release.xcconfig */;
			buildSettings = {
				ASSETCATALOG_COMPILER_APPICON_NAME = AppIcon;
				CODE_SIGN_STYLE = Automatic;
				DEVELOPMENT_TEAM = 9W4WJ5QY7E;
				INFOPLIST_FILE = RealmScreen/Info.plist;
				LD_RUNPATH_SEARCH_PATHS = (
					"$(inherited)",
					"@executable_path/Frameworks",
				);
				PRODUCT_BUNDLE_IDENTIFIER = test.RealmScreen;
				PRODUCT_NAME = "$(TARGET_NAME)";
				SWIFT_VERSION = 5.0;
				TARGETED_DEVICE_FAMILY = "1,2";
			};
			name = Release;
		};
/* End XCBuildConfiguration section */

/* Begin XCConfigurationList section */
		85A9EDA82366184D00198E46 /* Build configuration list for PBXProject "RealmScreen" */ = {
			isa = XCConfigurationList;
			buildConfigurations = (
				85A9EDBD2366184E00198E46 /* Debug */,
				85A9EDBE2366184E00198E46 /* Release */,
			);
			defaultConfigurationIsVisible = 0;
			defaultConfigurationName = Release;
		};
		85A9EDBF2366184E00198E46 /* Build configuration list for PBXNativeTarget "RealmScreen" */ = {
			isa = XCConfigurationList;
			buildConfigurations = (
				85A9EDC02366184E00198E46 /* Debug */,
				85A9EDC12366184E00198E46 /* Release */,
			);
			defaultConfigurationIsVisible = 0;
			defaultConfigurationName = Release;
		};
/* End XCConfigurationList section */
	};
	rootObject = 85A9EDA52366184D00198E46 /* Project object */;
}
